
Microsoft Visual Studio Solution File, Format Version 12.00
# Visual Studio 14
VisualStudioVersion = 14.0.25420.1
MinimumVisualStudioVersion = 10.0.40219.1
Project("{8BC9CEB8-8B4A-11D0-8D11-00A0C91BC942}") = "Union_FreeTeleport_H", "Union_FreeTeleport_H\Union_FreeTeleport_H.vcxproj", "{B8DAB280-3B33-43CF-A6B9-99FB9036752A}"
EndProject
Global
	GlobalSection(SolutionConfigurationPlatforms) = preSolution
		G1 Debug|x86 = G1 Debug|x86
		G1 Release|x86 = G1 Release|x86
		G1A Debug|x86 = G1A Debug|x86
		G1A Release|x86 = G1A Release|x86
		G2 Debug|x86 = G2 Debug|x86
		G2 Release|x86 = G2 Release|x86
		G2A Debug|x86 = G2A Debug|x86
		G2A Release|x86 = G2A Release|x86
		MP Debug|x86 = MP Debug|x86
		MP Release|x86 = MP Release|x86
	EndGlobalSection
	GlobalSection(ProjectConfigurationPlatforms) = postSolution
		{B8DAB280-3B33-43CF-A6B9-99FB9036752A}.G1 Debug|x86.ActiveCfg = G1 Debug|Win32
		{B8DAB280-3B33-43CF-A6B9-99FB9036752A}.G1 Debug|x86.Build.0 = G1 Debug|Win32
		{B8DAB280-3B33-43CF-A6B9-99FB9036752A}.G1 Release|x86.ActiveCfg = G1 Release|Win32
		{B8DAB280-3B33-43CF-A6B9-99FB9036752A}.G1 Release|x86.Build.0 = G1 Release|Win32
		{B8DAB280-3B33-43CF-A6B9-99FB9036752A}.G1A Debug|x86.ActiveCfg = G1A Debug|Win32
		{B8DAB280-3B33-43CF-A6B9-99FB9036752A}.G1A Debug|x86.Build.0 = G1A Debug|Win32
		{B8DAB280-3B33-43CF-A6B9-99FB9036752A}.G1A Release|x86.ActiveCfg = G1A Release|Win32
		{B8DAB280-3B33-43CF-A6B9-99FB9036752A}.G1A Release|x86.Build.0 = G1A Release|Win32
		{B8DAB280-3B33-43CF-A6B9-99FB9036752A}.G2 Debug|x86.ActiveCfg = G2 Debug|Win32
		{B8DAB280-3B33-43CF-A6B9-99FB9036752A}.G2 Debug|x86.Build.0 = G2 Debug|Win32
		{B8DAB280-3B33-43CF-A6B9-99FB9036752A}.G2 Release|x86.ActiveCfg = G2 Release|Win32
		{B8DAB280-3B33-43CF-A6B9-99FB9036752A}.G2 Release|x86.Build.0 = G2 Release|Win32
		{B8DAB280-3B33-43CF-A6B9-99FB9036752A}.G2A Debug|x86.ActiveCfg = G2A Debug|Win32
		{B8DAB280-3B33-43CF-A6B9-99FB9036752A}.G2A Debug|x86.Build.0 = G2A Debug|Win32
		{B8DAB280-3B33-43CF-A6B9-99FB9036752A}.G2A Release|x86.ActiveCfg = G2A Release|Win32
		{B8DAB280-3B33-43CF-A6B9-99FB9036752A}.G2A Release|x86.Build.0 = G2A Release|Win32
		{B8DAB280-3B33-43CF-A6B9-99FB9036752A}.MP Debug|x86.ActiveCfg = MP Debug|Win32
		{B8DAB280-3B33-43CF-A6B9-99FB9036752A}.MP Debug|x86.Build.0 = MP Debug|Win32
		{B8DAB280-3B33-43CF-A6B9-99FB9036752A}.MP Release|x86.ActiveCfg = MP Release|Win32
		{B8DAB280-3B33-43CF-A6B9-99FB9036752A}.MP Release|x86.Build.0 = MP Release|Win32
	EndGlobalSection
	GlobalSection(SolutionProperties) = preSolution
		HideSolutionNode = FALSE
	EndGlobalSection
EndGlobal
